# This file is autogenerated, do not edit; changes may be undone by the next 'dep ensure'.


[[projects]]
  branch = "master"
  digest = "1:6ead91eec291e47357cb7eed24f5c8589a5a89d530aec0b72adfca9efabbb4c3"
  name = "git.torproject.org/pluggable-transports/goptlib.git"
  packages = ["."]
  pruneopts = "UT"
  revision = "7d56ec4f381e8b1aedfda360594e35a5731b5337"

[[projects]]
  branch = "master"
  digest = "1:6ec78e03f330b37f596577b27ee56b618cd210eb756db20816163a01de3f4c46"
  name = "git.torproject.org/pluggable-transports/obfs4.git"
  packages = [
    "common/csrand",
    "common/drbg",
    "common/ntor",
    "common/probdist",
    "common/replayfilter",
    "transports/base",
    "transports/obfs4",
    "transports/obfs4/framing",
  ]
  pruneopts = "UT"
  revision = "08f4d470188e9dad8658f2d2107880d8fdf326be"

[[projects]]
  branch = "master"
  digest = "1:8fa55a6e302771a90a86ceae1ca3c0df4ef15d21092198e8313f61dde9eea963"
  name = "github.com/Yawning/chacha20"
  packages = ["."]
  pruneopts = "UT"
  revision = "e3b1f968fc6397b51d963fee8ec8711a47bc0ce8"

[[projects]]
  branch = "master"
  digest = "1:5699a1540433914320cef63d1afc814e0632c8e7ec5954c37b0fc07a614bf149"
  name = "github.com/agl/ed25519"
  packages = [
    "edwards25519",
    "extra25519",
  ]
  pruneopts = "UT"
  revision = "5312a61534124124185d41f09206b9fef1d88403"

[[projects]]
  branch = "master"
  digest = "1:7d191fd0c54ff370eaf6116a14dafe2a328df487baea280699f597aae858d00d"
  name = "github.com/aristanetworks/goarista"
  packages = ["monotime"]
  pruneopts = "UT"
  revision = "aa2a42e13be68c4a95fe9e58003adaf63fe6476f"

[[projects]]
  digest = "1:c47f4964978e211c6e566596ec6246c329912ea92e9bb99c00798bb4564c5b09"
  name = "github.com/armon/go-radix"
  packages = ["."]
  pruneopts = "UT"
  revision = "1a2de0c21c94309923825da3df33a4381872c795"
  version = "v1.0.0"

[[projects]]
  digest = "1:f438d91be142877c3ad83157992c91de787ddfbddcc2a7da1ef6ef61606cadc4"
  name = "github.com/cheekybits/genny"
  packages = ["generic"]
  pruneopts = "UT"
  revision = "d2cf3cdd35ce0d789056c4bc02a4d6349c947caf"
  version = "v1.0.0"

[[projects]]
  branch = "master"
  digest = "1:c61f241352b7fba13cd70aeb1311a5519305897d91df5fdccd39ae6099be84a0"
  name = "github.com/cloudflare/sidh"
  packages = [
    "internal/arith",
    "internal/isogeny",
    "internal/utils",
    "p503",
    "p751",
    "sidh",
  ]
  pruneopts = "UT"
  revision = "fc8e6378752b38efe6d5814630911b5fc654c223"

[[projects]]
  branch = "master"
  digest = "1:4c4c33075b704791d6a7f09dfb55c66769e8a1dc6adf87026292d274fe8ad113"
  name = "github.com/codahale/hdrhistogram"
  packages = ["."]
  pruneopts = "UT"
  revision = "3a0bb77429bd3a61596f5e8a3172445844342120"

[[projects]]
  digest = "1:ffe9824d294da03b391f44e1ae8281281b4afc1bdaa9588c9097785e3af10cec"
  name = "github.com/davecgh/go-spew"
  packages = ["spew"]
  pruneopts = "UT"
  revision = "8991bc29aa16c548c550c7ff78260e27b9ab7c73"
  version = "v1.1.1"

[[projects]]
  digest = "1:1e9a0ec4f7e852123fefad9aadd7647eed1e9fd3716118e99a4b3dc463705c82"
  name = "github.com/dchest/siphash"
  packages = ["."]
  pruneopts = "UT"
  revision = "34f201214d993633bb24f418ba11736ab8b55aa7"
  version = "v1.2.1"

[[projects]]
  digest = "1:6f9339c912bbdda81302633ad7e99a28dfa5a639c864061f1929510a9a64aa74"
  name = "github.com/dustin/go-humanize"
  packages = ["."]
  pruneopts = "UT"
  revision = "9f541cc9db5d55bce703bd99987c9d5cb8eea45e"
  version = "v1.0.0"

[[projects]]
  digest = "1:5f1d44e13c151d777a80b0d8ca850347530773e73ccce5995a520cdc6947c205"
  name = "github.com/fatih/set"
  packages = ["."]
  pruneopts = "UT"
  revision = "2c768e3c5489976167bfc42b5c7c92ca783f4389"
  version = "v0.2.1"

[[projects]]
  digest = "1:296cda2c4a6a7a54964d7b3b0815e2aed215da75217b72033060ffb1c4e4b6ae"
  name = "github.com/felixge/httpsnoop"
  packages = ["."]
  pruneopts = "UT"
  revision = "eadd4fad6aac69ae62379194fe0219f3dbc80fd3"
  version = "v1.0.0"

[[projects]]
  branch = "master"
  digest = "1:f00d492c11ce8cf14ce54c59c7dfeaeb2648e3fb93eb5fd5b53f7d405fcf4697"
  name = "github.com/getlantern/appdir"
  packages = ["."]
  pruneopts = "UT"
  revision = "7c0f9d241ea78ff68bf3aecfe2ea2009ff8500cf"

[[projects]]
  branch = "master"
  digest = "1:a42a37837df41f7b02f2b3831d21b1b1275193803280fa9983dfe35cf9aa6b49"
  name = "github.com/getlantern/borda"
  packages = ["client"]
  pruneopts = "UT"
  revision = "189ea590cfa2838a36850b36004f2ee47395939a"

[[projects]]
  branch = "master"
  digest = "1:8e02518e7a9d6781802466e602296d19c4d2eca0131a5d50876725b7e85a70d1"
  name = "github.com/getlantern/bufconn"
  packages = ["."]
  pruneopts = "UT"
  revision = "6402607914eb123dd0adc0a4c7845286dc18acef"

[[projects]]
  branch = "master"
  digest = "1:aba6216005f9d2c7e678b380e12bab326a41af23e76c65680c70c4bdbb59559a"
  name = "github.com/getlantern/byteexec"
  packages = ["."]
  pruneopts = "UT"
  revision = "4cfb26ec74f460fda433dc06fddfbad7ddee3072"

[[projects]]
  branch = "master"
  digest = "1:d5657a6e0a4f57e7c16d583ad9e82bb58ba0bb2a2a66657b9777b9e30a60e517"
  name = "github.com/getlantern/bytemap"
  packages = ["."]
  pruneopts = "UT"
  revision = "c7bf952233bcc421fcbd185f601e117d45df89c7"

[[projects]]
  branch = "master"
  digest = "1:dc73ecd1a79968da3c6ba4ff60044fbf99373b0ab79585f925f39c3a2dc63ef1"
  name = "github.com/getlantern/cmux"
  packages = ["."]
  pruneopts = "UT"
  revision = "acf511a0dc7c6fe2d7684328fb564605d6f16cba"

[[projects]]
  branch = "master"
  digest = "1:c3c09c0f941175181747b2d6948fd1add3ba82e66215aae78ec9b44d97d8ed40"
  name = "github.com/getlantern/context"
  packages = ["."]
  pruneopts = "UT"
  revision = "539649cc311886ee3604204cfab46f72b5f40950"

[[projects]]
  branch = "master"
  digest = "1:7f812a62c522ca270f3b017ca39f161a03f914eafa05129b156aff83d823dede"
  name = "github.com/getlantern/detour"
  packages = ["."]
  pruneopts = "UT"
  revision = "40ce261d3ba85a967570daa390627e5d0529baa0"

[[projects]]
  branch = "master"
  digest = "1:efdd91b82e28f23d8485c9639f1bd47337dd80189d7209ee369876a1f1a18016"
  name = "github.com/getlantern/elevate"
  packages = [
    ".",
    "bin",
  ]
  pruneopts = "UT"
  revision = "c2e2e4901072d1f7e9f525426735acfab5fd9cdd"

[[projects]]
  branch = "master"
  digest = "1:fac7855c3a69b9e9beaee65df466a0ae2b45c5824b4e7355aae2295aa25a8e5e"
  name = "github.com/getlantern/ema"
  packages = ["."]
  pruneopts = "UT"
  revision = "42474605965c675139e335dc716f6bcacb6c8256"

[[projects]]
  branch = "master"
  digest = "1:e1bd5124f74246a43532df9469dec62e6d7a9e6977188495ca71daf0a4473977"
  name = "github.com/getlantern/enhttp"
  packages = ["."]
  pruneopts = "UT"
  revision = "a974fa851e3c18be5d0bb6f06d09656365731832"

[[projects]]
  branch = "master"
  digest = "1:56460acc7affba18fa344130886a6f841988d1368a051759d2e0c03ef6255f54"
  name = "github.com/getlantern/errors"
  packages = ["."]
  pruneopts = "UT"
  revision = "e24b7f4ff7c70be59bbefca6b7695d68cda8b399"

[[projects]]
  branch = "master"
  digest = "1:0d20b528999b45e77178895e7cf4ee094dfc85872ce43261f3c343a41a732c2e"
  name = "github.com/getlantern/event"
  packages = ["."]
  pruneopts = "UT"
  revision = "f16a5563f52e98643050fed10e7f279437a195ee"

[[projects]]
  branch = "master"
  digest = "1:ffb017375e95065ae0bb675f646dc6d32a07a41d87c1b58cd07264afb55d9b8e"
  name = "github.com/getlantern/eventual"
  packages = ["."]
  pruneopts = "UT"
  revision = "84b02499361bd83c36db68d42f7d45aae760168e"

[[projects]]
  branch = "master"
  digest = "1:99c1c515274e6c3ead7bf68dcc77f56131d0f937adeb6808ba86e0911adfdda7"
  name = "github.com/getlantern/filepersist"
  packages = ["."]
  pruneopts = "UT"
  revision = "c5f0cd24e7991579ba6f5f1bd20a1ad2c9f06cd4"

[[projects]]
  branch = "devel"
  digest = "1:cb2e3e506820d32310818080d1c586d968ff55b86b860c4f4134ecc71d84e24d"
  name = "github.com/getlantern/flashlight"
  packages = [
    "balancer",
    "bandwidth",
    "buffers",
    "chained",
    "chained/config",
    "client",
    "common",
    "config",
    "config/generated",
    "ops",
    "pro",
    "pro/client",
    "proxied",
    "stats",
    "status",
  ]
  pruneopts = "UT"
  revision = "0fab25294467eff2523779e122e9a2e00bad1492"

[[projects]]
  branch = "master"
  digest = "1:e9352c28c58ba823fa2d5bba3eb0ed5bdc790130407db86de2c92e60c8636604"
  name = "github.com/getlantern/fronted"
  packages = ["."]
  pruneopts = "UT"
  revision = "5b4f46cc8f8d4879d36461e52ee9c0ca4589a9de"

[[projects]]
  branch = "master"
  digest = "1:5b5a5243e1ff1cc0ab23bfd7dcd0f09e65a0acdafa5ab82b167757ad0ca1128b"
  name = "github.com/getlantern/go-cache"
  packages = ["cache"]
  pruneopts = "UT"
  revision = "88b53914f4672fafe9069972c1867222ef02eea1"

[[projects]]
  branch = "master"
  digest = "1:df855b6b668bfe66ecd19afc65b9701f757fa0a82ea085e3abc9d845ac2cdcd9"
  name = "github.com/getlantern/go-socks5"
  packages = ["."]
  pruneopts = "UT"
  revision = "79d4dd3e2db581c4f31d170662ea44c454109a9c"

[[projects]]
  branch = "master"
  digest = "1:b25ce66afba6295b1ea53c57ea9b7f10b209590c9874b095582fac7987715d7a"
  name = "github.com/getlantern/goexpr"
  packages = [
    ".",
    "geo",
    "isp",
    "redis",
  ]
  pruneopts = "UT"
  revision = "610eae7c731492a5a32548ba652d7d998ce4400b"

[[projects]]
  branch = "master"
  digest = "1:128515bf48085482f3b1269701a0be1b119087447d8f666a27211bdacf0b5dc9"
  name = "github.com/getlantern/golog"
  packages = ["."]
  pruneopts = "UT"
  revision = "cca714f7feb5df8e455f409b549d384441ac4578"

[[projects]]
  branch = "master"
  digest = "1:f12c7103ba4c446c6822f331ada3e5f0c3626be111a115e92700cd2724bca9ed"
  name = "github.com/getlantern/hex"
  packages = ["."]
  pruneopts = "UT"
  revision = "083fba3033ad473db3dd31c9bb368473d37581a7"

[[projects]]
  branch = "master"
  digest = "1:916634881c70eb3c2201419786896254d601a786a9124e662a079d4649df160d"
  name = "github.com/getlantern/hidden"
  packages = ["."]
  pruneopts = "UT"
  revision = "d52a649ab33af200943bb599898dbdcfdbc94cb7"

[[projects]]
  branch = "master"
  digest = "1:378316be3e44cb23cfc63a3e1f135652fea19841f2e10209505d3fda70ba0a02"
  name = "github.com/getlantern/httpseverywhere"
  packages = ["."]
  pruneopts = "UT"
  revision = "9bdb93e40695deb035a35f1ef7f2dfd8de7df2df"

[[projects]]
  branch = "master"
  digest = "1:c5f44c6a51e02eae7f80cee832dcfda63a5e2e3e83713e62b22a698b667c2b0c"
  name = "github.com/getlantern/i18n"
  packages = ["."]
  pruneopts = "UT"
  revision = "2afc4f49bb1c85ec6753d144a9d6e19693a95c63"

[[projects]]
  branch = "master"
  digest = "1:349cd7781b821a13bf9a005fa2f5b6c78c4248e477bc3b869e01bb601c1e6cdd"
  name = "github.com/getlantern/idletiming"
  packages = ["."]
  pruneopts = "UT"
  revision = "d6af7c708ed589011044d1ca79945bbbaa42056e"

[[projects]]
  branch = "master"
  digest = "1:cd3b82189f94c196cdc6229f3acba71a064eac4afe60c2422fe2cd6cd4ebdcbb"
  name = "github.com/getlantern/iptool"
  packages = ["."]
  pruneopts = "UT"
  revision = "8723ea29ea42bdb85682c242b8e803aa6f05c9db"

[[projects]]
  branch = "master"
  digest = "1:349ee6ce4cfca2e65f86438922f8b0bb919d1c73f9f94e37036f4a8c1f747811"
  name = "github.com/getlantern/jibber_jabber"
  packages = ["."]
  pruneopts = "UT"
  revision = "7346f98d2644252b9fc10b89af1f1858b2dc29b9"

[[projects]]
  digest = "1:24ccff6de46c9c7f87292e7cdd967e2d5d5bafcc47b62fd565b43a226d72743b"
  name = "github.com/getlantern/kcp-go"
  packages = ["."]
  pruneopts = "UT"
  revision = "19559e0e938cb2af45ae30765c109f821da19b33"
  version = "v20180607"

[[projects]]
  branch = "master"
  digest = "1:603b258dfc36708a975bd03c50f3e3ce57b53580ad5db92d1ab3604e3915eb65"
  name = "github.com/getlantern/kcpwrapper"
  packages = ["."]
  pruneopts = "UT"
  revision = "a35c895f6de73d94ca04369ac0c311cb8a97c0f2"

[[projects]]
  branch = "master"
  digest = "1:4ed7858c81a08d41dbb945db6fd47da68d94e3c052847bf8e9849240d6fe5c25"
  name = "github.com/getlantern/keyman"
  packages = [
    ".",
    "certimporter",
  ]
  pruneopts = "UT"
  revision = "f55e7280e93a8802a175e9c4beccad873f3fdf43"

[[projects]]
  branch = "master"
  digest = "1:9a89fb6b97d5fdb02fcb3d0b6a23ea9b921aaa02ecba1a9abf7b09acc7d86086"
  name = "github.com/getlantern/lampshade"
  packages = ["."]
  pruneopts = "UT"
  revision = "bca9c93b5723449e98c5077b75fc8b31387339c6"

[[projects]]
  branch = "master"
  digest = "1:fdf2b8d5dbf1ee5ee736a4a25ad3d38f3b943fa7e2a72a47504ac0f55b5211e1"
  name = "github.com/getlantern/measured"
  packages = ["."]
  pruneopts = "UT"
  revision = "c70b16bb4198911c3c876b79f057df09619b2c6b"

[[projects]]
  branch = "master"
  digest = "1:9fd06ebb3a00d133bc20af34e89e9fb0419fc2447aae435bbfd24b250ef6db4b"
  name = "github.com/getlantern/mitm"
  packages = ["."]
  pruneopts = "UT"
  revision = "4ce456bae6504e6a1dc8c835cd849cba166eb3d8"

[[projects]]
  branch = "master"
  digest = "1:eef9d28f59ce5031c990433bb725b86fa9f18ea4c2a1a1bc8d4ec1c562edf41c"
  name = "github.com/getlantern/mockconn"
  packages = ["."]
  pruneopts = "UT"
  revision = "642263a40e7125a71fd4c109f9da28727648454a"

[[projects]]
  branch = "master"
  digest = "1:2a6e5a5e2e784ddbf02fd877672c9e1bafe4af4af96aaaeca4f8544d2159cc34"
  name = "github.com/getlantern/msgpack"
  packages = [
    ".",
    "codes",
  ]
  pruneopts = "UT"
  revision = "922e6dcf94043edab4e690df4aa2016117f92fb7"

[[projects]]
  branch = "master"
  digest = "1:a333222d088d9bccccbafcbbcc1d54c0a3715cb9f645b9dc26572917b4bfab37"
  name = "github.com/getlantern/mtime"
  packages = ["."]
  pruneopts = "UT"
  revision = "ba114e4a82b0d453c15c505073a5896453b5cbd2"

[[projects]]
  branch = "master"
  digest = "1:50425f63a4348b642f1ce2a343b86077e62f98153d1bf00d9bc3387524e71872"
  name = "github.com/getlantern/netx"
  packages = ["."]
  pruneopts = "UT"
  revision = "9912de6f94fd1dd35a2f3af9a9ce5650d1a10b7a"

[[projects]]
  branch = "master"
  digest = "1:f84e2692edf40301ae0ce718695cde032f5c6964e4fad812749eb1eaefa95785"
  name = "github.com/getlantern/ops"
  packages = ["."]
  pruneopts = "UT"
  revision = "37353306c90844c8e0591956f56611f46299d202"

[[projects]]
  branch = "master"
  digest = "1:029a4d043394ab5e6465949a2b467bfc1f4930506b73ae7cbffb20b3377408df"
  name = "github.com/getlantern/preconn"
  packages = ["."]
  pruneopts = "UT"
  revision = "0b5766010efe7a5fd5c9c5675ed83ed167908418"

[[projects]]
  branch = "master"
  digest = "1:d5d91b9d9addc54449c823afb6e5b8046f94e8feb124060fd26108e5f660ac48"
  name = "github.com/getlantern/proxiedsites"
  packages = ["."]
  pruneopts = "UT"
  revision = "5362487dd72c45097a5b8ddac9283fa61014ef88"

[[projects]]
  branch = "master"
  digest = "1:13077a6da704790a363c2b897455b782aebb10bdeea574975d65092defd40056"
  name = "github.com/getlantern/proxy"
  packages = [
    ".",
    "filters",
  ]
  pruneopts = "UT"
  revision = "3f472f8f4fe8a92c88c7309300729dbb16dad174"

[[projects]]
  branch = "master"
  digest = "1:e5baaf124b9b31538eadaf72bce33b3fa54c8ffad2bd42a2e8eea46354a341a7"
  name = "github.com/getlantern/quicwrapper"
  packages = ["."]
  pruneopts = "UT"
  revision = "f6dd70305d8ec1ce65c767ebc4d7ef6e3ee36499"

[[projects]]
  branch = "master"
  digest = "1:fe83a44c95f15ae21643250231ac9a2bb163a0ce92708f8d0cb8b9b7e54012fe"
  name = "github.com/getlantern/reconn"
  packages = ["."]
  pruneopts = "UT"
  revision = "7053d017511c663a3fc3b3a367b57689b1b2fd9f"

[[projects]]
  branch = "master"
  digest = "1:d094f5e5f39f4f4db8185c1da10c8230e6576704bc76210729e7bcfd0b16dd91"
  name = "github.com/getlantern/rot13"
  packages = ["."]
  pruneopts = "UT"
  revision = "33f93fc1fe85c042c0667a1814e6379bd5e7eb40"

[[projects]]
  branch = "master"
  digest = "1:4fa3bf69007464fd664dd5c0efcc8290e66b9f401b4bd0b26ef20540cfe6fa59"
  name = "github.com/getlantern/sqlparser"
  packages = [
    ".",
    "dependency/bson",
    "dependency/bytes2",
    "dependency/hack",
    "dependency/sqltypes",
  ]
  pruneopts = "UT"
  revision = "a879d8035f3cd754fdda965da8305bb9d04ec439"

[[projects]]
  branch = "master"
  digest = "1:d73e45b16879bf77e665465acc2389f5451c29803bfe78be334bf9305a0a1760"
  name = "github.com/getlantern/tinywss"
  packages = ["."]
  pruneopts = "UT"
  revision = "72f4ddc309252beeb29b14920390be4a360c998b"

[[projects]]
  branch = "master"
  digest = "1:e96429ca248e739958c025b2db4b13309e1f501a9a4758441be919c88002a7e6"
  name = "github.com/getlantern/tlsdialer"
  packages = ["."]
  pruneopts = "UT"
  revision = "cd99cbfe8504186bbe6b40889f8c7d8d218c0f71"

[[projects]]
  digest = "1:62c97b543fa5601126be5987633aede547324d265d8a66e05d667d900abebba2"
  name = "github.com/getlantern/uuid"
  packages = ["."]
  pruneopts = "UT"
  revision = "5c9436b8c718822fdf6644ed2a10f71ff7261c8e"
  version = "v1.2.0"

[[projects]]
  branch = "master"
  digest = "1:40754d6de16efe1c76cba90915b2e1a821e9d97500d2957632f131f89e1b9ee9"
  name = "github.com/getlantern/wal"
  packages = ["."]
  pruneopts = "UT"
  revision = "e99945fbd2d236833907d9539e79b7a8ea604b04"

[[projects]]
  branch = "master"
  digest = "1:59a1c32b1a3e64ba7a0aef9c1cca5c67244c35198033904e6169b5fe6056ca62"
  name = "github.com/getlantern/yaml"
  packages = ["."]
  pruneopts = "UT"
  revision = "79303eb9c0d903b1a2e6b6ef82b5f8d22792dba9"

[[projects]]
  branch = "master"
  digest = "1:f6e584c8ab991a010f59694720ee05d6d96fa8b6088babd5714adc1289c82098"
  name = "github.com/getlantern/zenodb"
  packages = [
    "bytetree",
    "common",
    "core",
    "encoding",
    "expr",
    "planner",
    "rpc",
    "sql",
  ]
  pruneopts = "UT"
  revision = "720f48ff2ede24d34005b4f191402bdb69cbc503"

[[projects]]
  digest = "1:586ea76dbd0374d6fb649a91d70d652b7fe0ccffb8910a77468e7702e7901f3d"
  name = "github.com/go-stack/stack"
  packages = ["."]
  pruneopts = "UT"
  revision = "2fee6af1a9795aafbe0253a0cfbdf668e1fb8a9a"
  version = "v1.8.0"

[[projects]]
  branch = "master"
  digest = "1:01745416ed734d0dbd8f2a25344536e399ee60319654873da12b107e9e3cb309"
  name = "github.com/golang/gddo"
  packages = ["httputil/header"]
  pruneopts = "UT"
  revision = "9bd4a32950217197bb319565e843237cca7f85d2"

[[projects]]
  digest = "1:4c0989ca0bcd10799064318923b9bc2db6b4d6338dd75f3f2d86c3511aaaf5cf"
  name = "github.com/golang/protobuf"
  packages = [
    "proto",
    "ptypes",
    "ptypes/any",
    "ptypes/duration",
    "ptypes/timestamp",
  ]
  pruneopts = "UT"
  revision = "aa810b61a9c79d51363740d207bb46cf8e620ed5"
  version = "v1.2.0"

[[projects]]
  branch = "master"
  digest = "1:4a0c6bb4805508a6287675fac876be2ac1182539ca8a32468d8128882e9d5009"
  name = "github.com/golang/snappy"
  packages = ["."]
  pruneopts = "UT"
  revision = "2e65f85255dbc3072edf28d6b5b8efc472979f5a"

[[projects]]
  branch = "master"
  digest = "1:8ec8d88c248041a6df5f6574b87bc00e7e0b493881dad2e7ef47b11dc69093b5"
  name = "github.com/hashicorp/golang-lru"
  packages = [
    ".",
    "simplelru",
  ]
  pruneopts = "UT"
  revision = "20f1fb78b0740ba8c3cb143a61e86ba5c8669768"

[[projects]]
  branch = "master"
  digest = "1:025fb66f977973c52bc653a8f1bb8b2ce13ba3ed1d9ebf736802f2bc41d9e424"
  name = "github.com/lucas-clemente/quic-go"
  packages = [
    ".",
    "internal/ackhandler",
    "internal/congestion",
    "internal/flowcontrol",
    "internal/handshake",
    "internal/protocol",
    "internal/qerr",
    "internal/utils",
    "internal/wire",
  ]
  pruneopts = "UT"
  revision = "f9d7a8b53ff5f906746398fcb891200f96f754f0"
  source = "https://github.com/getlantern/quic-go"

[[projects]]
  branch = "qtls"
  digest = "1:1d3142fa76462447ac41ff6a71a2796b74494f7002ff6005f095430315d41660"
  name = "github.com/marten-seemann/qtls"
  packages = ["."]
  pruneopts = "UT"
  revision = "591c71538704125b0b189f4cd3c0e61485dd6ef7"
  source = "https://github.com/marten-seemann/qtls-deprecated"

[[projects]]
  digest = "1:78bbb1ba5b7c3f2ed0ea1eab57bdd3859aec7e177811563edc41198a760b06af"
  name = "github.com/mitchellh/go-homedir"
  packages = ["."]
  pruneopts = "UT"
  revision = "ae18d6b8b3205b561c79e8e5f69bff09736185f4"
  version = "v1.0.0"

[[projects]]
  branch = "master"
  digest = "1:dd3d50b46f8d3c88a8d3986f2e5344db582c457469a7cb3a0dda953c669cdf9a"
  name = "github.com/mitchellh/go-server-timing"
  packages = ["."]
  pruneopts = "UT"
  revision = "1ca01db910d57d64ec1c68f27105614b77558e28"

[[projects]]
  branch = "master"
  digest = "1:53bc4cd4914cd7cd52139990d5170d6dc99067ae31c56530621b18b35fc30318"
  name = "github.com/mitchellh/mapstructure"
  packages = ["."]
  pruneopts = "UT"
  revision = "3536a929edddb9a5b34bd6861dc4a9647cb459fe"

[[projects]]
  digest = "1:2e8bdbc8a11d716dab1bf66d326285d7e5c92fa4c996c1574ba1153e57534b85"
  name = "github.com/oschwald/geoip2-golang"
  packages = ["."]
  pruneopts = "UT"
  revision = "7118115686e16b77967cdbf55d1b944fe14ad312"
  version = "v1.2.1"

[[projects]]
  digest = "1:07e8589503b7ec22430dae6eed6f2c17e4249ab245574f4fd0ba8fc9c597d138"
  name = "github.com/oschwald/maxminddb-golang"
  packages = ["."]
  pruneopts = "UT"
  revision = "c5bec84d1963260297932a1b7a1753c8420717a7"
  version = "v1.3.0"

[[projects]]
  branch = "master"
  digest = "1:df63a8ddf6fd32f2cdf09db1ada151c8a27f5fe2516ee977b72d6a0707e94910"
  name = "github.com/oxtoacart/bpool"
  packages = ["."]
  pruneopts = "UT"
  revision = "4e1c5567d7c2dd59fa4c7c83d34c2f3528b025d6"

[[projects]]
  digest = "1:40e195917a951a8bf867cd05de2a46aaf1806c50cf92eebf4c16f78cd196f747"
  name = "github.com/pkg/errors"
  packages = ["."]
  pruneopts = "UT"
  revision = "645ef00459ed84a119197bfb8d8205042c6df63d"
  version = "v0.8.0"

[[projects]]
  digest = "1:0028cb19b2e4c3112225cd871870f2d9cf49b9b4276531f03438a88e94be86fe"
  name = "github.com/pmezard/go-difflib"
  packages = ["difflib"]
  pruneopts = "UT"
  revision = "792786c7400a136282c1664665ae0a8db921c6c2"
  version = "v1.0.0"

[[projects]]
  branch = "master"
  digest = "1:fd40a99e823b54fa25eb7fca0fcb038992eb062227cebddc388d13563dac8f8b"
  name = "github.com/refraction-networking/utls"
  packages = [
    ".",
    "cpu",
  ]
  pruneopts = "UT"
  revision = "41427a6f43783e5411e0a356ad08bed75e05db11"

[[projects]]
  branch = "master"
  digest = "1:e7e3141ecc5f7eeae9a1a4438044614049ccdd57a302b8793dec0c29202cadce"
  name = "github.com/stretchr/testify"
  packages = ["assert"]
  pruneopts = "UT"
  revision = "5b93e2dc01fd8fbf32aa74a198b0ebe78f6f6b6f"

[[projects]]
  branch = "master"
  digest = "1:f10bb2efe706eea8e386fa5021281e302a58e8fa0ba9f2e31ad9ca2cb234b282"
  name = "github.com/templexxx/cpufeat"
  packages = ["."]
  pruneopts = "UT"
  revision = "cef66df7f161dee20f4d650da7268d77eaaec82d"

[[projects]]
  digest = "1:7bf0e709c5dd92c937e6f59a76056fe0a89cfe2f52ce25493c6337d23781af0a"
  name = "github.com/templexxx/reedsolomon"
  packages = ["."]
  pruneopts = "UT"
  revision = "5e06b81a1c7628d9c8d4fb7c3c4e401e37db39b4"
  version = "0.1.1"

[[projects]]
  digest = "1:a0a269bea865974fc4d583373c984a5aa60cf98b5aa4f3e1b5de527891d37845"
  name = "github.com/templexxx/xor"
  packages = ["."]
  pruneopts = "UT"
  revision = "0af8e873c554da75f37f2049cdffda804533d44c"
  version = "0.1.2"

[[projects]]
  branch = "master"
  digest = "1:93d6687fc19da8a35c7352d72117a6acd2072dfb7e9bfd65646227bf2a913b2a"
  name = "github.com/tevino/abool"
  packages = ["."]
  pruneopts = "UT"
  revision = "9b9efcf221b50905aab9bbabd3daed56dc10f339"

[[projects]]
  digest = "1:97293f3bd0b9f81484da18dba66a20de340307b43835a91157aaaee484c80e9b"
  name = "github.com/tjfoc/gmsm"
  packages = ["sm4"]
  pruneopts = "UT"
  revision = "98aa888b79d8de04afe0fccf45ed10594efc858b"
  version = "v1.1"

[[projects]]
  digest = "1:07aaea55c778d9f0461a429eb19a134f17e9ac3232a5a28b16dfe57c637889bc"
  name = "github.com/xtaci/smux"
  packages = ["."]
  pruneopts = "UT"
  revision = "545ecee9d2a96ef4cf3c420c6b4095ac313fe870"
  version = "v1.09"

[[projects]]
  branch = "master"
  digest = "1:687bbb709c46de686f5cd144355ab1e9ffcfe8612285615cf789b825493f171f"
  name = "github.com/xwb1989/sqlparser"
  packages = ["dependency/hack"]
  pruneopts = "UT"
  revision = "120387863bf27d04bc07db8015110a6e96d0146c"

[[projects]]
  branch = "master"
  digest = "1:25a9d436d7c0c02f454a11fce4233ae229c73eeb5877a19ed3c18d96282f1276"
  name = "golang.org/x/crypto"
  packages = [
    "blowfish",
    "cast5",
    "chacha20poly1305",
    "cryptobyte",
    "cryptobyte/asn1",
    "curve25519",
    "hkdf",
    "internal/chacha20",
    "internal/subtle",
    "nacl/secretbox",
    "pbkdf2",
    "poly1305",
    "salsa20",
    "salsa20/salsa",
    "tea",
    "twofish",
    "xtea",
  ]
  pruneopts = "UT"
  revision = "505ab145d0a99da450461ae2c1a9f6cd10d1f447"

[[projects]]
  branch = "master"
  digest = "1:373b940d041462d76620a69a947c55918e76c87af73a052d84603d7eaeeba98f"
  name = "golang.org/x/net"
  packages = [
    "bpf",
    "context",
    "http/httpguts",
    "http2",
    "http2/hpack",
    "idna",
    "internal/iana",
    "internal/socket",
    "internal/timeseries",
    "ipv4",
    "trace",
  ]
  pruneopts = "UT"
  revision = "e147a9138326bc0e9d4e179541ffd8af41cff8a9"

[[projects]]
  branch = "master"
  digest = "1:75515eedc0dc2cb0b40372008b616fa2841d831c63eedd403285ff286c593295"
  name = "golang.org/x/sync"
  packages = ["semaphore"]
  pruneopts = "UT"
  revision = "37e7f081c4d4c64e13b10787722085407fe5d15f"

[[projects]]
  branch = "master"
  digest = "1:c640964729379798b492e5ddd4a78eb496b78b5f03ad3d719e7d4bbb326da22f"
  name = "golang.org/x/sys"
  packages = [
    "cpu",
    "unix",
    "windows",
  ]
  pruneopts = "UT"
  revision = "dcdaa6325bcb8d3c07805583fe12153f08a41e2b"

[[projects]]
  digest = "1:a2ab62866c75542dd18d2b069fec854577a20211d7c0ea6ae746072a1dccdd18"
  name = "golang.org/x/text"
  packages = [
    "collate",
    "collate/build",
    "internal/colltab",
    "internal/gen",
    "internal/tag",
    "internal/triegen",
    "internal/ucd",
    "language",
    "secure/bidirule",
    "transform",
    "unicode/bidi",
    "unicode/cldr",
    "unicode/norm",
    "unicode/rangetable",
  ]
  pruneopts = "UT"
  revision = "f21a4dfb5e38f5895301dc265a8def02365cc3d0"
  version = "v0.3.0"

[[projects]]
  digest = "1:7ee462ecfb8793686a33b2d09f0c738d8773680bb6ea228123a0edd3b21b1011"
  name = "google.golang.org/appengine"
  packages = [
    ".",
    "datastore",
    "internal",
    "internal/app_identity",
    "internal/base",
    "internal/datastore",
    "internal/log",
    "internal/modules",
    "internal/remote_api",
  ]
  pruneopts = "UT"
  revision = "4a4468ece617fc8205e99368fa2200e9d1fad421"
  version = "v1.3.0"

[[projects]]
  branch = "master"
  digest = "1:077c1c599507b3b3e9156d17d36e1e61928ee9b53a5b420f10f28ebd4a0b275c"
  name = "google.golang.org/genproto"
  packages = ["googleapis/rpc/status"]
  pruneopts = "UT"
  revision = "67d6565462c5a0d99b88193d59fefa10ca7e3010"

[[projects]]
  digest = "1:9edd250a3c46675d0679d87540b30c9ed253b19bd1fd1af08f4f5fb3c79fc487"
  name = "google.golang.org/grpc"
  packages = [
    ".",
    "balancer",
    "balancer/base",
    "balancer/roundrobin",
    "binarylog/grpc_binarylog_v1",
    "codes",
    "connectivity",
    "credentials",
    "credentials/internal",
    "encoding",
    "encoding/proto",
    "grpclog",
    "internal",
    "internal/backoff",
    "internal/binarylog",
    "internal/channelz",
    "internal/envconfig",
    "internal/grpcrand",
    "internal/grpcsync",
    "internal/syscall",
    "internal/transport",
    "keepalive",
    "metadata",
    "naming",
    "peer",
    "resolver",
    "resolver/dns",
    "resolver/passthrough",
    "stats",
    "status",
    "tap",
  ]
  pruneopts = "UT"
  revision = "df014850f6dee74ba2fc94874043a9f3f75fbfd8"
  version = "v1.17.0"

[[projects]]
  digest = "1:e5a1379b4f0cad2aabd75580598c3b8e19a027e8eed806e7b76b0ec949df4599"
  name = "gopkg.in/redis.v5"
  packages = [
    ".",
    "internal",
    "internal/consistenthash",
    "internal/hashtag",
    "internal/pool",
    "internal/proto",
  ]
  pruneopts = "UT"
  revision = "a16aeec10ff407b1e7be6dd35797ccf5426ef0f0"
  version = "v5.2.9"

[solve-meta]
  analyzer-name = "dep"
  analyzer-version = 1
  input-imports = [
    "github.com/getlantern/flashlight/chained",
    "github.com/getlantern/flashlight/client",
    "github.com/getlantern/flashlight/common",
    "github.com/getlantern/flashlight/config",
    "github.com/getlantern/fronted",
    "github.com/getlantern/golog",
    "github.com/getlantern/keyman",
    "github.com/getlantern/yaml",
  ]
  solver-name = "gps-cdcl"
  solver-version = 1
